
Microsoft Visual Studio Solution File, Format Version 12.00
# Visual Studio Version 16
VisualStudioVersion = 16.0.31729.503
MinimumVisualStudioVersion = 10.0.40219.1
Project("{FAE04EC0-301F-11D3-BF4B-00C04F79EFBC}") = "Product Search", "Product Search\Product Search.csproj", "{38095872-A1B4-46A8-AC68-7CABAF250E49}"
EndProject
Global
	GlobalSection(SolutionConfigurationPlatforms) = preSolution
		Debug|Any CPU = Debug|Any CPU
		Release|Any CPU = Release|Any CPU
	EndGlobalSection
	GlobalSection(ProjectConfigurationPlatforms) = postSolution
		{38095872-A1B4-46A8-AC68-7CABAF250E49}.Debug|Any CPU.ActiveCfg = Debug|Any CPU
		{38095872-A1B4-46A8-AC68-7CABAF250E49}.Debug|Any CPU.Build.0 = Debug|Any CPU
		{38095872-A1B4-46A8-AC68-7CABAF250E49}.Release|Any CPU.ActiveCfg = Release|Any CPU
		{38095872-A1B4-46A8-AC68-7CABAF250E49}.Release|Any CPU.Build.0 = Release|Any CPU
	EndGlobalSection
	GlobalSection(SolutionProperties) = preSolution
		HideSolutionNode = FALSE
	EndGlobalSection
	GlobalSection(ExtensibilityGlobals) = postSolution
		SolutionGuid = {0045AFF5-08EE-4E36-918E-CEDE96315B50}
	EndGlobalSection
EndGlobal
