
Microsoft Visual Studio Solution File, Format Version 12.00
# Visual Studio Version 16
VisualStudioVersion = 16.0.31729.503
MinimumVisualStudioVersion = 10.0.40219.1
Project("{FAE04EC0-301F-11D3-BF4B-00C04F79EFBC}") = "Product Lookup", "Product Lookup\Product Lookup.csproj", "{0225EB36-5862-4A00-8761-152755A00CA7}"
EndProject
Global
	GlobalSection(SolutionConfigurationPlatforms) = preSolution
		Debug|Any CPU = Debug|Any CPU
		Release|Any CPU = Release|Any CPU
	EndGlobalSection
	GlobalSection(ProjectConfigurationPlatforms) = postSolution
		{0225EB36-5862-4A00-8761-152755A00CA7}.Debug|Any CPU.ActiveCfg = Debug|Any CPU
		{0225EB36-5862-4A00-8761-152755A00CA7}.Debug|Any CPU.Build.0 = Debug|Any CPU
		{0225EB36-5862-4A00-8761-152755A00CA7}.Release|Any CPU.ActiveCfg = Release|Any CPU
		{0225EB36-5862-4A00-8761-152755A00CA7}.Release|Any CPU.Build.0 = Release|Any CPU
	EndGlobalSection
	GlobalSection(SolutionProperties) = preSolution
		HideSolutionNode = FALSE
	EndGlobalSection
	GlobalSection(ExtensibilityGlobals) = postSolution
		SolutionGuid = {3A5C54D8-FC1B-4C64-A1EE-9B16A8197E81}
	EndGlobalSection
EndGlobal
