
Microsoft Visual Studio Solution File, Format Version 12.00
# Visual Studio Version 16
VisualStudioVersion = 16.0.31624.102
MinimumVisualStudioVersion = 10.0.40219.1
Project("{FAE04EC0-301F-11D3-BF4B-00C04F79EFBC}") = "ListViewTest", "ListViewTest\ListViewTest.csproj", "{EF4558C1-9784-401B-87C3-4A824A61BE04}"
EndProject
Global
	GlobalSection(SolutionConfigurationPlatforms) = preSolution
		Debug|Any CPU = Debug|Any CPU
		Release|Any CPU = Release|Any CPU
	EndGlobalSection
	GlobalSection(ProjectConfigurationPlatforms) = postSolution
		{EF4558C1-9784-401B-87C3-4A824A61BE04}.Debug|Any CPU.ActiveCfg = Debug|Any CPU
		{EF4558C1-9784-401B-87C3-4A824A61BE04}.Debug|Any CPU.Build.0 = Debug|Any CPU
		{EF4558C1-9784-401B-87C3-4A824A61BE04}.Release|Any CPU.ActiveCfg = Release|Any CPU
		{EF4558C1-9784-401B-87C3-4A824A61BE04}.Release|Any CPU.Build.0 = Release|Any CPU
	EndGlobalSection
	GlobalSection(SolutionProperties) = preSolution
		HideSolutionNode = FALSE
	EndGlobalSection
	GlobalSection(ExtensibilityGlobals) = postSolution
		SolutionGuid = {3E286450-1B33-4779-BDB8-AB706B899B6C}
	EndGlobalSection
EndGlobal
