
Microsoft Visual Studio Solution File, Format Version 12.00
# Visual Studio Version 16
VisualStudioVersion = 16.0.31624.102
MinimumVisualStudioVersion = 10.0.40219.1
Project("{FAE04EC0-301F-11D3-BF4B-00C04F79EFBC}") = "LINQWithListCollection", "LINQWithListCollection\LINQWithListCollection.csproj", "{BF9D0766-F7F8-4CC0-BBE4-E89FBF751EBB}"
EndProject
Global
	GlobalSection(SolutionConfigurationPlatforms) = preSolution
		Debug|Any CPU = Debug|Any CPU
		Release|Any CPU = Release|Any CPU
	EndGlobalSection
	GlobalSection(ProjectConfigurationPlatforms) = postSolution
		{BF9D0766-F7F8-4CC0-BBE4-E89FBF751EBB}.Debug|Any CPU.ActiveCfg = Debug|Any CPU
		{BF9D0766-F7F8-4CC0-BBE4-E89FBF751EBB}.Debug|Any CPU.Build.0 = Debug|Any CPU
		{BF9D0766-F7F8-4CC0-BBE4-E89FBF751EBB}.Release|Any CPU.ActiveCfg = Release|Any CPU
		{BF9D0766-F7F8-4CC0-BBE4-E89FBF751EBB}.Release|Any CPU.Build.0 = Release|Any CPU
	EndGlobalSection
	GlobalSection(SolutionProperties) = preSolution
		HideSolutionNode = FALSE
	EndGlobalSection
	GlobalSection(ExtensibilityGlobals) = postSolution
		SolutionGuid = {3C9DBEB6-360B-44FD-932C-A23211305C1A}
	EndGlobalSection
EndGlobal
