
Microsoft Visual Studio Solution File, Format Version 12.00
# Visual Studio Version 16
VisualStudioVersion = 16.0.31624.102
MinimumVisualStudioVersion = 10.0.40219.1
Project("{FAE04EC0-301F-11D3-BF4B-00C04F79EFBC}") = "HeartRates", "HeartRates\HeartRates.csproj", "{EE1B5F71-4A19-43E7-AEA3-17DFD0B001BE}"
EndProject
Global
	GlobalSection(SolutionConfigurationPlatforms) = preSolution
		Debug|Any CPU = Debug|Any CPU
		Release|Any CPU = Release|Any CPU
	EndGlobalSection
	GlobalSection(ProjectConfigurationPlatforms) = postSolution
		{EE1B5F71-4A19-43E7-AEA3-17DFD0B001BE}.Debug|Any CPU.ActiveCfg = Debug|Any CPU
		{EE1B5F71-4A19-43E7-AEA3-17DFD0B001BE}.Debug|Any CPU.Build.0 = Debug|Any CPU
		{EE1B5F71-4A19-43E7-AEA3-17DFD0B001BE}.Release|Any CPU.ActiveCfg = Release|Any CPU
		{EE1B5F71-4A19-43E7-AEA3-17DFD0B001BE}.Release|Any CPU.Build.0 = Release|Any CPU
	EndGlobalSection
	GlobalSection(SolutionProperties) = preSolution
		HideSolutionNode = FALSE
	EndGlobalSection
	GlobalSection(ExtensibilityGlobals) = postSolution
		SolutionGuid = {E5C2B166-C1F8-42D8-9DC0-5E5C6C93E616}
	EndGlobalSection
EndGlobal
