
Microsoft Visual Studio Solution File, Format Version 12.00
# Visual Studio Version 16
VisualStudioVersion = 16.0.31729.503
MinimumVisualStudioVersion = 10.0.40219.1
Project("{FAE04EC0-301F-11D3-BF4B-00C04F79EFBC}") = "User Record", "User Record\User Record.csproj", "{2C401892-994A-413C-8BAC-D5E074DC5697}"
EndProject
Global
	GlobalSection(SolutionConfigurationPlatforms) = preSolution
		Debug|Any CPU = Debug|Any CPU
		Release|Any CPU = Release|Any CPU
	EndGlobalSection
	GlobalSection(ProjectConfigurationPlatforms) = postSolution
		{2C401892-994A-413C-8BAC-D5E074DC5697}.Debug|Any CPU.ActiveCfg = Debug|Any CPU
		{2C401892-994A-413C-8BAC-D5E074DC5697}.Debug|Any CPU.Build.0 = Debug|Any CPU
		{2C401892-994A-413C-8BAC-D5E074DC5697}.Release|Any CPU.ActiveCfg = Release|Any CPU
		{2C401892-994A-413C-8BAC-D5E074DC5697}.Release|Any CPU.Build.0 = Release|Any CPU
	EndGlobalSection
	GlobalSection(SolutionProperties) = preSolution
		HideSolutionNode = FALSE
	EndGlobalSection
	GlobalSection(ExtensibilityGlobals) = postSolution
		SolutionGuid = {51BDAB63-3E59-49B9-8C0A-BFE5A0957EC0}
	EndGlobalSection
EndGlobal
