
Microsoft Visual Studio Solution File, Format Version 12.00
# Visual Studio Version 16
VisualStudioVersion = 16.0.31624.102
MinimumVisualStudioVersion = 10.0.40219.1
Project("{FAE04EC0-301F-11D3-BF4B-00C04F79EFBC}") = "LabelTextBoxButtonTest", "LabelTextBoxButtonTest\LabelTextBoxButtonTest.csproj", "{7AC0E6CD-EE21-4C10-AF9B-B3EF688E0A74}"
EndProject
Global
	GlobalSection(SolutionConfigurationPlatforms) = preSolution
		Debug|Any CPU = Debug|Any CPU
		Release|Any CPU = Release|Any CPU
	EndGlobalSection
	GlobalSection(ProjectConfigurationPlatforms) = postSolution
		{7AC0E6CD-EE21-4C10-AF9B-B3EF688E0A74}.Debug|Any CPU.ActiveCfg = Debug|Any CPU
		{7AC0E6CD-EE21-4C10-AF9B-B3EF688E0A74}.Debug|Any CPU.Build.0 = Debug|Any CPU
		{7AC0E6CD-EE21-4C10-AF9B-B3EF688E0A74}.Release|Any CPU.ActiveCfg = Release|Any CPU
		{7AC0E6CD-EE21-4C10-AF9B-B3EF688E0A74}.Release|Any CPU.Build.0 = Release|Any CPU
	EndGlobalSection
	GlobalSection(SolutionProperties) = preSolution
		HideSolutionNode = FALSE
	EndGlobalSection
	GlobalSection(ExtensibilityGlobals) = postSolution
		SolutionGuid = {36C10C4E-3032-43A3-B603-940915C77D41}
	EndGlobalSection
EndGlobal
