
Microsoft Visual Studio Solution File, Format Version 12.00
# Visual Studio Version 16
VisualStudioVersion = 16.0.31624.102
MinimumVisualStudioVersion = 10.0.40219.1
Project("{FAE04EC0-301F-11D3-BF4B-00C04F79EFBC}") = "PictureBoxTest", "PictureBoxTest\PictureBoxTest.csproj", "{15D8C12F-248E-460F-9D4C-DE2DD5908C4E}"
EndProject
Global
	GlobalSection(SolutionConfigurationPlatforms) = preSolution
		Debug|Any CPU = Debug|Any CPU
		Release|Any CPU = Release|Any CPU
	EndGlobalSection
	GlobalSection(ProjectConfigurationPlatforms) = postSolution
		{15D8C12F-248E-460F-9D4C-DE2DD5908C4E}.Debug|Any CPU.ActiveCfg = Debug|Any CPU
		{15D8C12F-248E-460F-9D4C-DE2DD5908C4E}.Debug|Any CPU.Build.0 = Debug|Any CPU
		{15D8C12F-248E-460F-9D4C-DE2DD5908C4E}.Release|Any CPU.ActiveCfg = Release|Any CPU
		{15D8C12F-248E-460F-9D4C-DE2DD5908C4E}.Release|Any CPU.Build.0 = Release|Any CPU
	EndGlobalSection
	GlobalSection(SolutionProperties) = preSolution
		HideSolutionNode = FALSE
	EndGlobalSection
	GlobalSection(ExtensibilityGlobals) = postSolution
		SolutionGuid = {17BBE896-AD9B-4C6D-962D-E2B264B9A4A8}
	EndGlobalSection
EndGlobal
