
Microsoft Visual Studio Solution File, Format Version 12.00
# Visual Studio Version 16
VisualStudioVersion = 16.0.31624.102
MinimumVisualStudioVersion = 10.0.40219.1
Project("{FAE04EC0-301F-11D3-BF4B-00C04F79EFBC}") = "LINQWithSimpleTypeArray", "LINQWithSimpleTypeArray\LINQWithSimpleTypeArray.csproj", "{56FA5F2F-C098-4062-9A99-B5E1E3F43C96}"
EndProject
Global
	GlobalSection(SolutionConfigurationPlatforms) = preSolution
		Debug|Any CPU = Debug|Any CPU
		Release|Any CPU = Release|Any CPU
	EndGlobalSection
	GlobalSection(ProjectConfigurationPlatforms) = postSolution
		{56FA5F2F-C098-4062-9A99-B5E1E3F43C96}.Debug|Any CPU.ActiveCfg = Debug|Any CPU
		{56FA5F2F-C098-4062-9A99-B5E1E3F43C96}.Debug|Any CPU.Build.0 = Debug|Any CPU
		{56FA5F2F-C098-4062-9A99-B5E1E3F43C96}.Release|Any CPU.ActiveCfg = Release|Any CPU
		{56FA5F2F-C098-4062-9A99-B5E1E3F43C96}.Release|Any CPU.Build.0 = Release|Any CPU
	EndGlobalSection
	GlobalSection(SolutionProperties) = preSolution
		HideSolutionNode = FALSE
	EndGlobalSection
	GlobalSection(ExtensibilityGlobals) = postSolution
		SolutionGuid = {FEAA0EEA-FE50-4EBC-9635-17D97CA7F72A}
	EndGlobalSection
EndGlobal
