
Microsoft Visual Studio Solution File, Format Version 12.00
# Visual Studio Version 16
VisualStudioVersion = 16.0.31624.102
MinimumVisualStudioVersion = 10.0.40219.1
Project("{FAE04EC0-301F-11D3-BF4B-00C04F79EFBC}") = "LINQWithArrayOfObjects", "LINQWithArrayOfObjects\LINQWithArrayOfObjects.csproj", "{13EF20EB-5065-4CA4-811B-8DD9DFA046F1}"
EndProject
Global
	GlobalSection(SolutionConfigurationPlatforms) = preSolution
		Debug|Any CPU = Debug|Any CPU
		Release|Any CPU = Release|Any CPU
	EndGlobalSection
	GlobalSection(ProjectConfigurationPlatforms) = postSolution
		{13EF20EB-5065-4CA4-811B-8DD9DFA046F1}.Debug|Any CPU.ActiveCfg = Debug|Any CPU
		{13EF20EB-5065-4CA4-811B-8DD9DFA046F1}.Debug|Any CPU.Build.0 = Debug|Any CPU
		{13EF20EB-5065-4CA4-811B-8DD9DFA046F1}.Release|Any CPU.ActiveCfg = Release|Any CPU
		{13EF20EB-5065-4CA4-811B-8DD9DFA046F1}.Release|Any CPU.Build.0 = Release|Any CPU
	EndGlobalSection
	GlobalSection(SolutionProperties) = preSolution
		HideSolutionNode = FALSE
	EndGlobalSection
	GlobalSection(ExtensibilityGlobals) = postSolution
		SolutionGuid = {270FF0B9-210D-4537-B91E-2794B863C305}
	EndGlobalSection
EndGlobal
