
Microsoft Visual Studio Solution File, Format Version 12.00
# Visual Studio Version 16
VisualStudioVersion = 16.0.31729.503
MinimumVisualStudioVersion = 10.0.40219.1
Project("{FAE04EC0-301F-11D3-BF4B-00C04F79EFBC}") = "LINQToFileDirectory", "LINQToFileDirectory\LINQToFileDirectory.csproj", "{6EC7DFA7-1C20-4351-A785-BF9278D7024A}"
EndProject
Global
	GlobalSection(SolutionConfigurationPlatforms) = preSolution
		Debug|Any CPU = Debug|Any CPU
		Release|Any CPU = Release|Any CPU
	EndGlobalSection
	GlobalSection(ProjectConfigurationPlatforms) = postSolution
		{6EC7DFA7-1C20-4351-A785-BF9278D7024A}.Debug|Any CPU.ActiveCfg = Debug|Any CPU
		{6EC7DFA7-1C20-4351-A785-BF9278D7024A}.Debug|Any CPU.Build.0 = Debug|Any CPU
		{6EC7DFA7-1C20-4351-A785-BF9278D7024A}.Release|Any CPU.ActiveCfg = Release|Any CPU
		{6EC7DFA7-1C20-4351-A785-BF9278D7024A}.Release|Any CPU.Build.0 = Release|Any CPU
	EndGlobalSection
	GlobalSection(SolutionProperties) = preSolution
		HideSolutionNode = FALSE
	EndGlobalSection
	GlobalSection(ExtensibilityGlobals) = postSolution
		SolutionGuid = {257AC635-FFBA-43B1-AD1F-D7BF20083360}
	EndGlobalSection
EndGlobal
